
Microsoft Visual Studio Solution File, Format Version 12.00
# Visual Studio Version 17
VisualStudioVersion = 17.4.33213.308
MinimumVisualStudioVersion = 10.0.40219.1
Project("{FAE04EC0-301F-11D3-BF4B-00C04F79EFBC}") = "pr16.7Ugryumova_2", "pr16.7Ugryumova_2\pr16.7Ugryumova_2.csproj", "{785BCA88-021C-4773-B515-E1429DAA34FF}"
EndProject
Global
	GlobalSection(SolutionConfigurationPlatforms) = preSolution
		Debug|Any CPU = Debug|Any CPU
		Release|Any CPU = Release|Any CPU
	EndGlobalSection
	GlobalSection(ProjectConfigurationPlatforms) = postSolution
		{785BCA88-021C-4773-B515-E1429DAA34FF}.Debug|Any CPU.ActiveCfg = Debug|Any CPU
		{785BCA88-021C-4773-B515-E1429DAA34FF}.Debug|Any CPU.Build.0 = Debug|Any CPU
		{785BCA88-021C-4773-B515-E1429DAA34FF}.Release|Any CPU.ActiveCfg = Release|Any CPU
		{785BCA88-021C-4773-B515-E1429DAA34FF}.Release|Any CPU.Build.0 = Release|Any CPU
	EndGlobalSection
	GlobalSection(SolutionProperties) = preSolution
		HideSolutionNode = FALSE
	EndGlobalSection
	GlobalSection(ExtensibilityGlobals) = postSolution
		SolutionGuid = {12B634C9-56A6-4D97-BAF9-3CD439B37FA2}
	EndGlobalSection
EndGlobal
